
Microsoft Visual Studio Solution File, Format Version 12.00
# Visual Studio 15
VisualStudioVersion = 15.0.26430.16
MinimumVisualStudioVersion = 10.0.40219.1
Project("{FAE04EC0-301F-11D3-BF4B-00C04F79EFBC}") = "ImprovingQuickSort", "ImprovingQuickSort\ImprovingQuickSort.csproj", "{3A6BDDAF-C077-41B9-A902-DC2EA09C4ACB}"
EndProject
Global
	GlobalSection(SolutionConfigurationPlatforms) = preSolution
		Debug|Any CPU = Debug|Any CPU
		Release|Any CPU = Release|Any CPU
	EndGlobalSection
	GlobalSection(ProjectConfigurationPlatforms) = postSolution
		{3A6BDDAF-C077-41B9-A902-DC2EA09C4ACB}.Debug|Any CPU.ActiveCfg = Debug|Any CPU
		{3A6BDDAF-C077-41B9-A902-DC2EA09C4ACB}.Debug|Any CPU.Build.0 = Debug|Any CPU
		{3A6BDDAF-C077-41B9-A902-DC2EA09C4ACB}.Release|Any CPU.ActiveCfg = Release|Any CPU
		{3A6BDDAF-C077-41B9-A902-DC2EA09C4ACB}.Release|Any CPU.Build.0 = Release|Any CPU
	EndGlobalSection
	GlobalSection(SolutionProperties) = preSolution
		HideSolutionNode = FALSE
	EndGlobalSection
EndGlobal
